{
  "name": "@motes/md",
  "version": "0.10.0",
  "lockfileVersion": 2,
  "requires": true,
  "packages": {
    "": {
      "name": "@motes/md",
      "version": "0.10.0",
      "license": "MIT",
      "dependencies": {
        "markdown-it": "^13.0.1",
        "markdown-it-abbr": "^1.0.4",
        "markdown-it-anchor": "^8.6.4",
        "markdown-it-attrs": "^4.1.4",
        "markdown-it-block-embed": "0.0.3",
        "markdown-it-block-image": "0.0.3",
        "markdown-it-center-text": "^1.0.4",
        "markdown-it-checkbox": "^1.1.0",
        "markdown-it-container": "^3.0.0",
        "markdown-it-custom-block": "^0.1.2",
        "markdown-it-deflist": "^2.1.0",
        "markdown-it-emoji": "^2.0.2",
        "markdown-it-expand-tabs": "^1.0.13",
        "markdown-it-footnote": "^3.0.3",
        "markdown-it-hashmention": "^0.3.9",
        "markdown-it-highlighted": "^1.0.1",
        "markdown-it-highlightjs": "^4.0.1",
        "markdown-it-imsize": "^2.0.1",
        "markdown-it-ins": "^3.0.1",
        "markdown-it-kbd": "^2.2.2",
        "markdown-it-mark": "^3.0.1",
        "markdown-it-math": "^4.1.1",
        "markdown-it-meta": "0.0.1",
        "markdown-it-multimd-table": "^4.2.0",
        "markdown-it-plantuml": "^1.4.1",
        "markdown-it-playground": "0.0.5",
        "markdown-it-smartarrows": "^1.0.1",
        "markdown-it-sub": "^1.0.0",
        "markdown-it-sup": "^1.0.0",
        "markdown-it-table-of-contents": "^0.6.0",
        "markdown-it-task-checkbox": "^1.0.6",
        "markdown-it-title": "^4.0.0",
        "markdown-it-underline": "^1.0.1"
      }
    },
    "node_modules/@types/linkify-it": {
      "version": "3.0.2",
      "resolved": "https://registry.npmjs.org/@types/linkify-it/-/linkify-it-3.0.2.tgz",
      "integrity": "sha512-HZQYqbiFVWufzCwexrvh694SOim8z2d+xJl5UNamcvQFejLY/2YUtzXHYi3cHdI7PMlS8ejH2slRAOJQ32aNbA==",
      "peer": true
    },
    "node_modules/@types/markdown-it": {
      "version": "12.2.3",
      "resolved": "https://registry.npmjs.org/@types/markdown-it/-/markdown-it-12.2.3.tgz",
      "integrity": "sha512-GKMHFfv3458yYy+v/N8gjufHO6MSZKCOXpZc5GXIWWy8uldwfmPn98vp81gZ5f9SVw8YYBctgfJ22a2d7AOMeQ==",
      "peer": true,
      "dependencies": {
        "@types/linkify-it": "*",
        "@types/mdurl": "*"
      }
    },
    "node_modules/@types/mdurl": {
      "version": "1.0.2",
      "resolved": "https://registry.npmjs.org/@types/mdurl/-/mdurl-1.0.2.tgz",
      "integrity": "sha512-eC4U9MlIcu2q0KQmXszyn5Akca/0jrQmwDRgpAMJai7qBWq4amIQhZyNau4VYGtCeALvW1/NtjzJJ567aZxfKA==",
      "peer": true
    },
    "node_modules/argparse": {
      "version": "1.0.10",
      "resolved": "https://registry.npmjs.org/argparse/-/argparse-1.0.10.tgz",
      "integrity": "sha512-o5Roy6tNG4SL/FOkCAN6RzjiakZS25RLYFrcMttJqbdd8BWrnA+fGz57iN5Pb06pvBGvl5gQ0B48dJlslXvoTg==",
      "dependencies": {
        "sprintf-js": "~1.0.2"
      }
    },
    "node_modules/ascii2mathml": {
      "version": "0.6.2",
      "resolved": "https://registry.npmjs.org/ascii2mathml/-/ascii2mathml-0.6.2.tgz",
      "integrity": "sha512-tkPONh2Y7ZpuGQw6AiRnExX/CSYf5C2T/rF+UMJq5n0Us7+QjL8VY5ZE16xo9wcXhdqPkl/F7lzEzU9HX0YKng==",
      "optional": true,
      "dependencies": {
        "minimist": "^1.2.0"
      },
      "bin": {
        "ascii2mathml": "bin/index.js"
      }
    },
    "node_modules/entities": {
      "version": "3.0.1",
      "resolved": "https://registry.npmjs.org/entities/-/entities-3.0.1.tgz",
      "integrity": "sha512-WiyBqoomrwMdFG1e0kqvASYfnlb0lp8M5o5Fw2OFq1hNZxxcNk8Ik0Xm7LxzBhuidnZB/UtBqVCgUz3kBOP51Q==",
      "engines": {
        "node": ">=0.12"
      },
      "funding": {
        "url": "https://github.com/fb55/entities?sponsor=1"
      }
    },
    "node_modules/esprima": {
      "version": "4.0.1",
      "resolved": "https://registry.npmjs.org/esprima/-/esprima-4.0.1.tgz",
      "integrity": "sha512-eGuFFw7Upda+g4p+QHvnW0RyTX/SVeJBDM/gCtMARO0cLuT2HcEKnTPvhjV6aGeqrCB/sbNop0Kszm0jsaWU4A==",
      "bin": {
        "esparse": "bin/esparse.js",
        "esvalidate": "bin/esvalidate.js"
      },
      "engines": {
        "node": ">=4"
      }
    },
    "node_modules/highlight.js": {
      "version": "11.6.0",
      "resolved": "https://registry.npmjs.org/highlight.js/-/highlight.js-11.6.0.tgz",
      "integrity": "sha512-ig1eqDzJaB0pqEvlPVIpSSyMaO92bH1N2rJpLMN/nX396wTpDA4Eq0uK+7I/2XG17pFaaKE0kjV/XPeGt7Evjw==",
      "engines": {
        "node": ">=12.0.0"
      }
    },
    "node_modules/js-yaml": {
      "version": "3.14.0",
      "resolved": "https://registry.npmjs.org/js-yaml/-/js-yaml-3.14.0.tgz",
      "integrity": "sha512-/4IbIeHcD9VMHFqDR/gQ7EdZdLimOvW2DdcxFjdyyZ9NsbS+ccrXqVWDtab/lRl5AlUqmpBx8EhPaWR+OtY17A==",
      "dependencies": {
        "argparse": "^1.0.7",
        "esprima": "^4.0.0"
      },
      "bin": {
        "js-yaml": "bin/js-yaml.js"
      }
    },
    "node_modules/linkify-it": {
      "version": "4.0.1",
      "resolved": "https://registry.npmjs.org/linkify-it/-/linkify-it-4.0.1.tgz",
      "integrity": "sha512-C7bfi1UZmoj8+PQx22XyeXCuBlokoyWQL5pWSP+EI6nzRylyThouddufc2c1NDIcP9k5agmN9fLpA7VNJfIiqw==",
      "dependencies": {
        "uc.micro": "^1.0.1"
      }
    },
    "node_modules/lodash.repeat": {
      "version": "4.1.0",
      "resolved": "https://registry.npmjs.org/lodash.repeat/-/lodash.repeat-4.1.0.tgz",
      "integrity": "sha1-/H3oEx2MisB+S0n3T/6CnR8r7EQ="
    },
    "node_modules/markdown-it": {
      "version": "13.0.1",
      "resolved": "https://registry.npmjs.org/markdown-it/-/markdown-it-13.0.1.tgz",
      "integrity": "sha512-lTlxriVoy2criHP0JKRhO2VDG9c2ypWCsT237eDiLqi09rmbKoUetyGHq2uOIRoRS//kfoJckS0eUzzkDR+k2Q==",
      "dependencies": {
        "argparse": "^2.0.1",
        "entities": "~3.0.1",
        "linkify-it": "^4.0.1",
        "mdurl": "^1.0.1",
        "uc.micro": "^1.0.5"
      },
      "bin": {
        "markdown-it": "bin/markdown-it.js"
      }
    },
    "node_modules/markdown-it-abbr": {
      "version": "1.0.4",
      "resolved": "https://registry.npmjs.org/markdown-it-abbr/-/markdown-it-abbr-1.0.4.tgz",
      "integrity": "sha1-1mtTZFIcuz3Yqlna37ovtoZcj9g="
    },
    "node_modules/markdown-it-anchor": {
      "version": "8.6.4",
      "resolved": "https://registry.npmjs.org/markdown-it-anchor/-/markdown-it-anchor-8.6.4.tgz",
      "integrity": "sha512-Ul4YVYZNxMJYALpKtu+ZRdrryYt/GlQ5CK+4l1bp/gWXOG2QWElt6AqF3Mih/wfUKdZbNAZVXGR73/n6U/8img==",
      "peerDependencies": {
        "@types/markdown-it": "*",
        "markdown-it": "*"
      }
    },
    "node_modules/markdown-it-attrs": {
      "version": "4.1.4",
      "resolved": "https://registry.npmjs.org/markdown-it-attrs/-/markdown-it-attrs-4.1.4.tgz",
      "integrity": "sha512-53Zfv8PTb6rlVFDlD106xcZHKBSsRZKJ2IW/rTxEJBEVbVaoxaNsmRkG0HXfbHl2SK8kaxZ2QKqdthWy/QBwmA==",
      "engines": {
        "node": ">=6"
      },
      "peerDependencies": {
        "markdown-it": ">= 9.0.0"
      }
    },
    "node_modules/markdown-it-block-embed": {
      "version": "0.0.3",
      "resolved": "https://registry.npmjs.org/markdown-it-block-embed/-/markdown-it-block-embed-0.0.3.tgz",
      "integrity": "sha1-XrCCU/NcN7NMB+7CueJ17oXuqQY="
    },
    "node_modules/markdown-it-block-image": {
      "version": "0.0.3",
      "resolved": "https://registry.npmjs.org/markdown-it-block-image/-/markdown-it-block-image-0.0.3.tgz",
      "integrity": "sha1-0/5lDr8iFeosevtXezlOX3/8Eso="
    },
    "node_modules/markdown-it-center-text": {
      "version": "1.0.4",
      "resolved": "https://registry.npmjs.org/markdown-it-center-text/-/markdown-it-center-text-1.0.4.tgz",
      "integrity": "sha512-7AA0gek4FYJ6gWB2kdGNx06k3GrlO97nEMY7uovQ70/6MtfqPznrgnKoWO3V4p36m3RT5GeQIFXqBH9Wr4iL/g=="
    },
    "node_modules/markdown-it-checkbox": {
      "version": "1.1.0",
      "resolved": "https://registry.npmjs.org/markdown-it-checkbox/-/markdown-it-checkbox-1.1.0.tgz",
      "integrity": "sha1-IM/5fzPXfRcvnc8bz8ks7MUzD6w=",
      "dependencies": {
        "underscore": "^1.8.2"
      }
    },
    "node_modules/markdown-it-container": {
      "version": "3.0.0",
      "resolved": "https://registry.npmjs.org/markdown-it-container/-/markdown-it-container-3.0.0.tgz",
      "integrity": "sha512-y6oKTq4BB9OQuY/KLfk/O3ysFhB3IMYoIWhGJEidXt1NQFocFK2sA2t0NYZAMyMShAGL6x5OPIbrmXPIqaN9rw=="
    },
    "node_modules/markdown-it-custom-block": {
      "version": "0.1.2",
      "resolved": "https://registry.npmjs.org/markdown-it-custom-block/-/markdown-it-custom-block-0.1.2.tgz",
      "integrity": "sha512-MfsADPwZTWikDW7SY81iNrd7Sm5u9si2Y2lIpKfz9GpfRV2uiNh+/YIhb0zApqmvR0nC/c8MpmsdRTzzs8miMA==",
      "engines": {
        "node": ">= 6.0.0"
      }
    },
    "node_modules/markdown-it-deflist": {
      "version": "2.1.0",
      "resolved": "https://registry.npmjs.org/markdown-it-deflist/-/markdown-it-deflist-2.1.0.tgz",
      "integrity": "sha512-3OuqoRUlSxJiuQYu0cWTLHNhhq2xtoSFqsZK8plANg91+RJQU1ziQ6lA2LzmFAEes18uPBsHZpcX6We5l76Nzg=="
    },
    "node_modules/markdown-it-emoji": {
      "version": "2.0.2",
      "resolved": "https://registry.npmjs.org/markdown-it-emoji/-/markdown-it-emoji-2.0.2.tgz",
      "integrity": "sha512-zLftSaNrKuYl0kR5zm4gxXjHaOI3FAOEaloKmRA5hijmJZvSjmxcokOLlzycb/HXlUFWzXqpIEoyEMCE4i9MvQ=="
    },
    "node_modules/markdown-it-expand-tabs": {
      "version": "1.0.13",
      "resolved": "https://registry.npmjs.org/markdown-it-expand-tabs/-/markdown-it-expand-tabs-1.0.13.tgz",
      "integrity": "sha512-ODpk98FWkGIq2vkwm2NOLt4G6TRgy3M9eTa9SFm06pUyOd0zjjYAwkhsjiCDU42pzKuz0ChiwBO0utuOj3LNOA==",
      "dependencies": {
        "lodash.repeat": "^4.0.0"
      }
    },
    "node_modules/markdown-it-footnote": {
      "version": "3.0.3",
      "resolved": "https://registry.npmjs.org/markdown-it-footnote/-/markdown-it-footnote-3.0.3.tgz",
      "integrity": "sha512-YZMSuCGVZAjzKMn+xqIco9d1cLGxbELHZ9do/TSYVzraooV8ypsppKNmUJ0fVH5ljkCInQAtFpm8Rb3eXSrt5w=="
    },
    "node_modules/markdown-it-hashmention": {
      "version": "0.3.9",
      "resolved": "https://registry.npmjs.org/markdown-it-hashmention/-/markdown-it-hashmention-0.3.9.tgz",
      "integrity": "sha1-Dc/DPald6bnakZyxodexkQjnDdY="
    },
    "node_modules/markdown-it-highlighted": {
      "version": "1.0.1",
      "resolved": "https://registry.npmjs.org/markdown-it-highlighted/-/markdown-it-highlighted-1.0.1.tgz",
      "integrity": "sha1-oGEMtA7opMtrya6cpOIn8+VoTdY="
    },
    "node_modules/markdown-it-highlightjs": {
      "version": "4.0.1",
      "resolved": "https://registry.npmjs.org/markdown-it-highlightjs/-/markdown-it-highlightjs-4.0.1.tgz",
      "integrity": "sha512-EPXwFEN6P5nqR3G4KjT20r20xbGYKMMA/360hhSYFmeoGXTE6hsLtJAiB/8ID8slVH4CWHHEL7GX0YenyIstVQ==",
      "dependencies": {
        "highlight.js": "^11.5.1"
      }
    },
    "node_modules/markdown-it-imsize": {
      "version": "2.0.1",
      "resolved": "https://registry.npmjs.org/markdown-it-imsize/-/markdown-it-imsize-2.0.1.tgz",
      "integrity": "sha1-zKBCeQXQUziiR8ucqdloxc3dUXA="
    },
    "node_modules/markdown-it-ins": {
      "version": "3.0.1",
      "resolved": "https://registry.npmjs.org/markdown-it-ins/-/markdown-it-ins-3.0.1.tgz",
      "integrity": "sha512-32SSfZqSzqyAmmQ4SHvhxbFqSzPDqsZgMHDwxqPzp+v+t8RsmqsBZRG+RfRQskJko9PfKC2/oxyOs4Yg/CfiRw=="
    },
    "node_modules/markdown-it-kbd": {
      "version": "2.2.2",
      "resolved": "https://registry.npmjs.org/markdown-it-kbd/-/markdown-it-kbd-2.2.2.tgz",
      "integrity": "sha512-J5qVHtLuxh1HTJcl5xhopiFpf6fnHIBY0OO1akGHf2KW0VwQLYhsip/bkiTJFoEZqhssxQuUBY1LO5/SbCrB6g==",
      "engines": {
        "node": ">=6.0.0"
      }
    },
    "node_modules/markdown-it-mark": {
      "version": "3.0.1",
      "resolved": "https://registry.npmjs.org/markdown-it-mark/-/markdown-it-mark-3.0.1.tgz",
      "integrity": "sha512-HyxjAu6BRsdt6Xcv6TKVQnkz/E70TdGXEFHRYBGLncRE9lBFwDNLVtFojKxjJWgJ+5XxUwLaHXy+2sGBbDn+4A=="
    },
    "node_modules/markdown-it-math": {
      "version": "4.1.1",
      "resolved": "https://registry.npmjs.org/markdown-it-math/-/markdown-it-math-4.1.1.tgz",
      "integrity": "sha512-LQ0hREgMgN4tNcy2PGyw1XypjmKJjc+ZzATMuDIVD/Bagr5SGL198uHleVdiFDrNdXpqVmL4N1KD1GYyftMakQ==",
      "optionalDependencies": {
        "ascii2mathml": "^0.6.2"
      }
    },
    "node_modules/markdown-it-meta": {
      "version": "0.0.1",
      "resolved": "https://registry.npmjs.org/markdown-it-meta/-/markdown-it-meta-0.0.1.tgz",
      "integrity": "sha1-11to8RVlnK9WjkrUPLRgpHEkjDk=",
      "dependencies": {
        "js-yaml": "^3.8.1"
      }
    },
    "node_modules/markdown-it-multimd-table": {
      "version": "4.2.0",
      "resolved": "https://registry.npmjs.org/markdown-it-multimd-table/-/markdown-it-multimd-table-4.2.0.tgz",
      "integrity": "sha512-wFpb8TSQ9josQrAlOg1toEAHHSGYQZ4krBKfpejPQ+lq3oudnxCNW4S6gYMcRbkrtrfX/ND2njr4belnKt3fBg=="
    },
    "node_modules/markdown-it-plantuml": {
      "version": "1.4.1",
      "resolved": "https://registry.npmjs.org/markdown-it-plantuml/-/markdown-it-plantuml-1.4.1.tgz",
      "integrity": "sha512-13KgnZaGYTHBp4iUmGofzZSBz+Zj6cyqfR0SXUIc9wgWTto5Xhn7NjaXYxY0z7uBeTUMlc9LMQq5uP4OM5xCHg=="
    },
    "node_modules/markdown-it-playground": {
      "version": "0.0.5",
      "resolved": "https://registry.npmjs.org/markdown-it-playground/-/markdown-it-playground-0.0.5.tgz",
      "integrity": "sha1-iGs+o2GvfQ9cWnHmFoT4Z7NOEcM="
    },
    "node_modules/markdown-it-smartarrows": {
      "version": "1.0.1",
      "resolved": "https://registry.npmjs.org/markdown-it-smartarrows/-/markdown-it-smartarrows-1.0.1.tgz",
      "integrity": "sha1-tXDpwP+YEuDbas4Zr6W6ErZLuac="
    },
    "node_modules/markdown-it-sub": {
      "version": "1.0.0",
      "resolved": "https://registry.npmjs.org/markdown-it-sub/-/markdown-it-sub-1.0.0.tgz",
      "integrity": "sha1-N1/WAm6ufdywEkl/ZBEZXqHjr+g="
    },
    "node_modules/markdown-it-sup": {
      "version": "1.0.0",
      "resolved": "https://registry.npmjs.org/markdown-it-sup/-/markdown-it-sup-1.0.0.tgz",
      "integrity": "sha1-y5yf+RpSVawI8/09YyhuFd8KH8M="
    },
    "node_modules/markdown-it-table-of-contents": {
      "version": "0.6.0",
      "resolved": "https://registry.npmjs.org/markdown-it-table-of-contents/-/markdown-it-table-of-contents-0.6.0.tgz",
      "integrity": "sha512-jHvEjZVEibyW97zEYg19mZCIXO16lHbvRaPDkEuOfMPBmzlI7cYczMZLMfUvwkhdOVQpIxu3gx6mgaw46KsNsQ==",
      "engines": {
        "node": ">6.4.0"
      }
    },
    "node_modules/markdown-it-task-checkbox": {
      "version": "1.0.6",
      "resolved": "https://registry.npmjs.org/markdown-it-task-checkbox/-/markdown-it-task-checkbox-1.0.6.tgz",
      "integrity": "sha512-7pxkHuvqTOu3iwVGmDPeYjQg+AIS9VQxzyLP9JCg9lBjgPAJXGEkChK6A2iFuj3tS0GV3HG2u5AMNhcQqwxpJw=="
    },
    "node_modules/markdown-it-title": {
      "version": "4.0.0",
      "resolved": "https://registry.npmjs.org/markdown-it-title/-/markdown-it-title-4.0.0.tgz",
      "integrity": "sha512-IeDImxQEbKDGSvTFHFM1FAbHUXa0xqYYwNNM1I2EceCLuA7yqUG8yMyACR+5lt0z1VJWu//yTc+ANIKXSv6rTA=="
    },
    "node_modules/markdown-it-underline": {
      "version": "1.0.1",
      "resolved": "https://registry.npmjs.org/markdown-it-underline/-/markdown-it-underline-1.0.1.tgz",
      "integrity": "sha1-Q6VKVB2V1zm0MVdwHx2jBtfDALI="
    },
    "node_modules/markdown-it/node_modules/argparse": {
      "version": "2.0.1",
      "resolved": "https://registry.npmjs.org/argparse/-/argparse-2.0.1.tgz",
      "integrity": "sha512-8+9WqebbFzpX9OR+Wa6O29asIogeRMzcGtAINdpMHHyAg10f05aSFVBbcEqGf/PXw1EjAZ+q2/bEBg3DvurK3Q=="
    },
    "node_modules/mdurl": {
      "version": "1.0.1",
      "resolved": "https://registry.npmjs.org/mdurl/-/mdurl-1.0.1.tgz",
      "integrity": "sha1-/oWy7HWlkDfyrf7BAP1sYBdhFS4="
    },
    "node_modules/minimist": {
      "version": "1.2.8",
      "resolved": "https://registry.npmjs.org/minimist/-/minimist-1.2.8.tgz",
      "integrity": "sha512-2yyAR8qBkN3YuheJanUpWC5U3bb5osDywNB8RzDVlDwDHbocAJveqqj1u8+SVD7jkWT4yvsHCpWqqWqAxb0zCA==",
      "optional": true,
      "funding": {
        "url": "https://github.com/sponsors/ljharb"
      }
    },
    "node_modules/sprintf-js": {
      "version": "1.0.3",
      "resolved": "https://registry.npmjs.org/sprintf-js/-/sprintf-js-1.0.3.tgz",
      "integrity": "sha1-BOaSb2YolTVPPdAVIDYzuFcpfiw="
    },
    "node_modules/uc.micro": {
      "version": "1.0.6",
      "resolved": "https://registry.npmjs.org/uc.micro/-/uc.micro-1.0.6.tgz",
      "integrity": "sha512-8Y75pvTYkLJW2hWQHXxoqRgV7qb9B+9vFEtidML+7koHUFapnVJAZ6cKs+Qjz5Aw3aZWHMC6u0wJE3At+nSGwA=="
    },
    "node_modules/underscore": {
      "version": "1.9.1",
      "resolved": "https://registry.npmjs.org/underscore/-/underscore-1.9.1.tgz",
      "integrity": "sha512-5/4etnCkd9c8gwgowi5/om/mYO5ajCaOgdzj/oW+0eQV9WxKBDZw5+ycmKmeaTXjInS/W0BzpGLo2xR2aBwZdg=="
    }
  },
  "dependencies": {
    "@types/linkify-it": {
      "version": "3.0.2",
      "resolved": "https://registry.npmjs.org/@types/linkify-it/-/linkify-it-3.0.2.tgz",
      "integrity": "sha512-HZQYqbiFVWufzCwexrvh694SOim8z2d+xJl5UNamcvQFejLY/2YUtzXHYi3cHdI7PMlS8ejH2slRAOJQ32aNbA==",
      "peer": true
    },
    "@types/markdown-it": {
      "version": "12.2.3",
      "resolved": "https://registry.npmjs.org/@types/markdown-it/-/markdown-it-12.2.3.tgz",
      "integrity": "sha512-GKMHFfv3458yYy+v/N8gjufHO6MSZKCOXpZc5GXIWWy8uldwfmPn98vp81gZ5f9SVw8YYBctgfJ22a2d7AOMeQ==",
      "peer": true,
      "requires": {
        "@types/linkify-it": "*",
        "@types/mdurl": "*"
      }
    },
    "@types/mdurl": {
      "version": "1.0.2",
      "resolved": "https://registry.npmjs.org/@types/mdurl/-/mdurl-1.0.2.tgz",
      "integrity": "sha512-eC4U9MlIcu2q0KQmXszyn5Akca/0jrQmwDRgpAMJai7qBWq4amIQhZyNau4VYGtCeALvW1/NtjzJJ567aZxfKA==",
      "peer": true
    },
    "argparse": {
      "version": "1.0.10",
      "resolved": "https://registry.npmjs.org/argparse/-/argparse-1.0.10.tgz",
      "integrity": "sha512-o5Roy6tNG4SL/FOkCAN6RzjiakZS25RLYFrcMttJqbdd8BWrnA+fGz57iN5Pb06pvBGvl5gQ0B48dJlslXvoTg==",
      "requires": {
        "sprintf-js": "~1.0.2"
      }
    },
    "ascii2mathml": {
      "version": "0.6.2",
      "resolved": "https://registry.npmjs.org/ascii2mathml/-/ascii2mathml-0.6.2.tgz",
      "integrity": "sha512-tkPONh2Y7ZpuGQw6AiRnExX/CSYf5C2T/rF+UMJq5n0Us7+QjL8VY5ZE16xo9wcXhdqPkl/F7lzEzU9HX0YKng==",
      "optional": true,
      "requires": {
        "minimist": "^1.2.0"
      }
    },
    "entities": {
      "version": "3.0.1",
      "resolved": "https://registry.npmjs.org/entities/-/entities-3.0.1.tgz",
      "integrity": "sha512-WiyBqoomrwMdFG1e0kqvASYfnlb0lp8M5o5Fw2OFq1hNZxxcNk8Ik0Xm7LxzBhuidnZB/UtBqVCgUz3kBOP51Q=="
    },
    "esprima": {
      "version": "4.0.1",
      "resolved": "https://registry.npmjs.org/esprima/-/esprima-4.0.1.tgz",
      "integrity": "sha512-eGuFFw7Upda+g4p+QHvnW0RyTX/SVeJBDM/gCtMARO0cLuT2HcEKnTPvhjV6aGeqrCB/sbNop0Kszm0jsaWU4A=="
    },
    "highlight.js": {
      "version": "11.6.0",
      "resolved": "https://registry.npmjs.org/highlight.js/-/highlight.js-11.6.0.tgz",
      "integrity": "sha512-ig1eqDzJaB0pqEvlPVIpSSyMaO92bH1N2rJpLMN/nX396wTpDA4Eq0uK+7I/2XG17pFaaKE0kjV/XPeGt7Evjw=="
    },
    "js-yaml": {
      "version": "3.14.0",
      "resolved": "https://registry.npmjs.org/js-yaml/-/js-yaml-3.14.0.tgz",
      "integrity": "sha512-/4IbIeHcD9VMHFqDR/gQ7EdZdLimOvW2DdcxFjdyyZ9NsbS+ccrXqVWDtab/lRl5AlUqmpBx8EhPaWR+OtY17A==",
      "requires": {
        "argparse": "^1.0.7",
        "esprima": "^4.0.0"
      }
    },
    "linkify-it": {
      "version": "4.0.1",
      "resolved": "https://registry.npmjs.org/linkify-it/-/linkify-it-4.0.1.tgz",
      "integrity": "sha512-C7bfi1UZmoj8+PQx22XyeXCuBlokoyWQL5pWSP+EI6nzRylyThouddufc2c1NDIcP9k5agmN9fLpA7VNJfIiqw==",
      "requires": {
        "uc.micro": "^1.0.1"
      }
    },
    "lodash.repeat": {
      "version": "4.1.0",
      "resolved": "https://registry.npmjs.org/lodash.repeat/-/lodash.repeat-4.1.0.tgz",
      "integrity": "sha1-/H3oEx2MisB+S0n3T/6CnR8r7EQ="
    },
    "markdown-it": {
      "version": "13.0.1",
      "resolved": "https://registry.npmjs.org/markdown-it/-/markdown-it-13.0.1.tgz",
      "integrity": "sha512-lTlxriVoy2criHP0JKRhO2VDG9c2ypWCsT237eDiLqi09rmbKoUetyGHq2uOIRoRS//kfoJckS0eUzzkDR+k2Q==",
      "requires": {
        "argparse": "^2.0.1",
        "entities": "~3.0.1",
        "linkify-it": "^4.0.1",
        "mdurl": "^1.0.1",
        "uc.micro": "^1.0.5"
      },
      "dependencies": {
        "argparse": {
          "version": "2.0.1",
          "resolved": "https://registry.npmjs.org/argparse/-/argparse-2.0.1.tgz",
          "integrity": "sha512-8+9WqebbFzpX9OR+Wa6O29asIogeRMzcGtAINdpMHHyAg10f05aSFVBbcEqGf/PXw1EjAZ+q2/bEBg3DvurK3Q=="
        }
      }
    },
    "markdown-it-abbr": {
      "version": "1.0.4",
      "resolved": "https://registry.npmjs.org/markdown-it-abbr/-/markdown-it-abbr-1.0.4.tgz",
      "integrity": "sha1-1mtTZFIcuz3Yqlna37ovtoZcj9g="
    },
    "markdown-it-anchor": {
      "version": "8.6.4",
      "resolved": "https://registry.npmjs.org/markdown-it-anchor/-/markdown-it-anchor-8.6.4.tgz",
      "integrity": "sha512-Ul4YVYZNxMJYALpKtu+ZRdrryYt/GlQ5CK+4l1bp/gWXOG2QWElt6AqF3Mih/wfUKdZbNAZVXGR73/n6U/8img==",
      "requires": {}
    },
    "markdown-it-attrs": {
      "version": "4.1.4",
      "resolved": "https://registry.npmjs.org/markdown-it-attrs/-/markdown-it-attrs-4.1.4.tgz",
      "integrity": "sha512-53Zfv8PTb6rlVFDlD106xcZHKBSsRZKJ2IW/rTxEJBEVbVaoxaNsmRkG0HXfbHl2SK8kaxZ2QKqdthWy/QBwmA==",
      "requires": {}
    },
    "markdown-it-block-embed": {
      "version": "0.0.3",
      "resolved": "https://registry.npmjs.org/markdown-it-block-embed/-/markdown-it-block-embed-0.0.3.tgz",
      "integrity": "sha1-XrCCU/NcN7NMB+7CueJ17oXuqQY="
    },
    "markdown-it-block-image": {
      "version": "0.0.3",
      "resolved": "https://registry.npmjs.org/markdown-it-block-image/-/markdown-it-block-image-0.0.3.tgz",
      "integrity": "sha1-0/5lDr8iFeosevtXezlOX3/8Eso="
    },
    "markdown-it-center-text": {
      "version": "1.0.4",
      "resolved": "https://registry.npmjs.org/markdown-it-center-text/-/markdown-it-center-text-1.0.4.tgz",
      "integrity": "sha512-7AA0gek4FYJ6gWB2kdGNx06k3GrlO97nEMY7uovQ70/6MtfqPznrgnKoWO3V4p36m3RT5GeQIFXqBH9Wr4iL/g=="
    },
    "markdown-it-checkbox": {
      "version": "1.1.0",
      "resolved": "https://registry.npmjs.org/markdown-it-checkbox/-/markdown-it-checkbox-1.1.0.tgz",
      "integrity": "sha1-IM/5fzPXfRcvnc8bz8ks7MUzD6w=",
      "requires": {
        "underscore": "^1.8.2"
      }
    },
    "markdown-it-container": {
      "version": "3.0.0",
      "resolved": "https://registry.npmjs.org/markdown-it-container/-/markdown-it-container-3.0.0.tgz",
      "integrity": "sha512-y6oKTq4BB9OQuY/KLfk/O3ysFhB3IMYoIWhGJEidXt1NQFocFK2sA2t0NYZAMyMShAGL6x5OPIbrmXPIqaN9rw=="
    },
    "markdown-it-custom-block": {
      "version": "0.1.2",
      "resolved": "https://registry.npmjs.org/markdown-it-custom-block/-/markdown-it-custom-block-0.1.2.tgz",
      "integrity": "sha512-MfsADPwZTWikDW7SY81iNrd7Sm5u9si2Y2lIpKfz9GpfRV2uiNh+/YIhb0zApqmvR0nC/c8MpmsdRTzzs8miMA=="
    },
    "markdown-it-deflist": {
      "version": "2.1.0",
      "resolved": "https://registry.npmjs.org/markdown-it-deflist/-/markdown-it-deflist-2.1.0.tgz",
      "integrity": "sha512-3OuqoRUlSxJiuQYu0cWTLHNhhq2xtoSFqsZK8plANg91+RJQU1ziQ6lA2LzmFAEes18uPBsHZpcX6We5l76Nzg=="
    },
    "markdown-it-emoji": {
      "version": "2.0.2",
      "resolved": "https://registry.npmjs.org/markdown-it-emoji/-/markdown-it-emoji-2.0.2.tgz",
      "integrity": "sha512-zLftSaNrKuYl0kR5zm4gxXjHaOI3FAOEaloKmRA5hijmJZvSjmxcokOLlzycb/HXlUFWzXqpIEoyEMCE4i9MvQ=="
    },
    "markdown-it-expand-tabs": {
      "version": "1.0.13",
      "resolved": "https://registry.npmjs.org/markdown-it-expand-tabs/-/markdown-it-expand-tabs-1.0.13.tgz",
      "integrity": "sha512-ODpk98FWkGIq2vkwm2NOLt4G6TRgy3M9eTa9SFm06pUyOd0zjjYAwkhsjiCDU42pzKuz0ChiwBO0utuOj3LNOA==",
      "requires": {
        "lodash.repeat": "^4.0.0"
      }
    },
    "markdown-it-footnote": {
      "version": "3.0.3",
      "resolved": "https://registry.npmjs.org/markdown-it-footnote/-/markdown-it-footnote-3.0.3.tgz",
      "integrity": "sha512-YZMSuCGVZAjzKMn+xqIco9d1cLGxbELHZ9do/TSYVzraooV8ypsppKNmUJ0fVH5ljkCInQAtFpm8Rb3eXSrt5w=="
    },
    "markdown-it-hashmention": {
      "version": "0.3.9",
      "resolved": "https://registry.npmjs.org/markdown-it-hashmention/-/markdown-it-hashmention-0.3.9.tgz",
      "integrity": "sha1-Dc/DPald6bnakZyxodexkQjnDdY="
    },
    "markdown-it-highlighted": {
      "version": "1.0.1",
      "resolved": "https://registry.npmjs.org/markdown-it-highlighted/-/markdown-it-highlighted-1.0.1.tgz",
      "integrity": "sha1-oGEMtA7opMtrya6cpOIn8+VoTdY="
    },
    "markdown-it-highlightjs": {
      "version": "4.0.1",
      "resolved": "https://registry.npmjs.org/markdown-it-highlightjs/-/markdown-it-highlightjs-4.0.1.tgz",
      "integrity": "sha512-EPXwFEN6P5nqR3G4KjT20r20xbGYKMMA/360hhSYFmeoGXTE6hsLtJAiB/8ID8slVH4CWHHEL7GX0YenyIstVQ==",
      "requires": {
        "highlight.js": "^11.5.1"
      }
    },
    "markdown-it-imsize": {
      "version": "2.0.1",
      "resolved": "https://registry.npmjs.org/markdown-it-imsize/-/markdown-it-imsize-2.0.1.tgz",
      "integrity": "sha1-zKBCeQXQUziiR8ucqdloxc3dUXA="
    },
    "markdown-it-ins": {
      "version": "3.0.1",
      "resolved": "https://registry.npmjs.org/markdown-it-ins/-/markdown-it-ins-3.0.1.tgz",
      "integrity": "sha512-32SSfZqSzqyAmmQ4SHvhxbFqSzPDqsZgMHDwxqPzp+v+t8RsmqsBZRG+RfRQskJko9PfKC2/oxyOs4Yg/CfiRw=="
    },
    "markdown-it-kbd": {
      "version": "2.2.2",
      "resolved": "https://registry.npmjs.org/markdown-it-kbd/-/markdown-it-kbd-2.2.2.tgz",
      "integrity": "sha512-J5qVHtLuxh1HTJcl5xhopiFpf6fnHIBY0OO1akGHf2KW0VwQLYhsip/bkiTJFoEZqhssxQuUBY1LO5/SbCrB6g=="
    },
    "markdown-it-mark": {
      "version": "3.0.1",
      "resolved": "https://registry.npmjs.org/markdown-it-mark/-/markdown-it-mark-3.0.1.tgz",
      "integrity": "sha512-HyxjAu6BRsdt6Xcv6TKVQnkz/E70TdGXEFHRYBGLncRE9lBFwDNLVtFojKxjJWgJ+5XxUwLaHXy+2sGBbDn+4A=="
    },
    "markdown-it-math": {
      "version": "4.1.1",
      "resolved": "https://registry.npmjs.org/markdown-it-math/-/markdown-it-math-4.1.1.tgz",
      "integrity": "sha512-LQ0hREgMgN4tNcy2PGyw1XypjmKJjc+ZzATMuDIVD/Bagr5SGL198uHleVdiFDrNdXpqVmL4N1KD1GYyftMakQ==",
      "requires": {
        "ascii2mathml": "^0.6.2"
      }
    },
    "markdown-it-meta": {
      "version": "0.0.1",
      "resolved": "https://registry.npmjs.org/markdown-it-meta/-/markdown-it-meta-0.0.1.tgz",
      "integrity": "sha1-11to8RVlnK9WjkrUPLRgpHEkjDk=",
      "requires": {
        "js-yaml": "^3.8.1"
      }
    },
    "markdown-it-multimd-table": {
      "version": "4.2.0",
      "resolved": "https://registry.npmjs.org/markdown-it-multimd-table/-/markdown-it-multimd-table-4.2.0.tgz",
      "integrity": "sha512-wFpb8TSQ9josQrAlOg1toEAHHSGYQZ4krBKfpejPQ+lq3oudnxCNW4S6gYMcRbkrtrfX/ND2njr4belnKt3fBg=="
    },
    "markdown-it-plantuml": {
      "version": "1.4.1",
      "resolved": "https://registry.npmjs.org/markdown-it-plantuml/-/markdown-it-plantuml-1.4.1.tgz",
      "integrity": "sha512-13KgnZaGYTHBp4iUmGofzZSBz+Zj6cyqfR0SXUIc9wgWTto5Xhn7NjaXYxY0z7uBeTUMlc9LMQq5uP4OM5xCHg=="
    },
    "markdown-it-playground": {
      "version": "0.0.5",
      "resolved": "https://registry.npmjs.org/markdown-it-playground/-/markdown-it-playground-0.0.5.tgz",
      "integrity": "sha1-iGs+o2GvfQ9cWnHmFoT4Z7NOEcM="
    },
    "markdown-it-smartarrows": {
      "version": "1.0.1",
      "resolved": "https://registry.npmjs.org/markdown-it-smartarrows/-/markdown-it-smartarrows-1.0.1.tgz",
      "integrity": "sha1-tXDpwP+YEuDbas4Zr6W6ErZLuac="
    },
    "markdown-it-sub": {
      "version": "1.0.0",
      "resolved": "https://registry.npmjs.org/markdown-it-sub/-/markdown-it-sub-1.0.0.tgz",
      "integrity": "sha1-N1/WAm6ufdywEkl/ZBEZXqHjr+g="
    },
    "markdown-it-sup": {
      "version": "1.0.0",
      "resolved": "https://registry.npmjs.org/markdown-it-sup/-/markdown-it-sup-1.0.0.tgz",
      "integrity": "sha1-y5yf+RpSVawI8/09YyhuFd8KH8M="
    },
    "markdown-it-table-of-contents": {
      "version": "0.6.0",
      "resolved": "https://registry.npmjs.org/markdown-it-table-of-contents/-/markdown-it-table-of-contents-0.6.0.tgz",
      "integrity": "sha512-jHvEjZVEibyW97zEYg19mZCIXO16lHbvRaPDkEuOfMPBmzlI7cYczMZLMfUvwkhdOVQpIxu3gx6mgaw46KsNsQ=="
    },
    "markdown-it-task-checkbox": {
      "version": "1.0.6",
      "resolved": "https://registry.npmjs.org/markdown-it-task-checkbox/-/markdown-it-task-checkbox-1.0.6.tgz",
      "integrity": "sha512-7pxkHuvqTOu3iwVGmDPeYjQg+AIS9VQxzyLP9JCg9lBjgPAJXGEkChK6A2iFuj3tS0GV3HG2u5AMNhcQqwxpJw=="
    },
    "markdown-it-title": {
      "version": "4.0.0",
      "resolved": "https://registry.npmjs.org/markdown-it-title/-/markdown-it-title-4.0.0.tgz",
      "integrity": "sha512-IeDImxQEbKDGSvTFHFM1FAbHUXa0xqYYwNNM1I2EceCLuA7yqUG8yMyACR+5lt0z1VJWu//yTc+ANIKXSv6rTA=="
    },
    "markdown-it-underline": {
      "version": "1.0.1",
      "resolved": "https://registry.npmjs.org/markdown-it-underline/-/markdown-it-underline-1.0.1.tgz",
      "integrity": "sha1-Q6VKVB2V1zm0MVdwHx2jBtfDALI="
    },
    "mdurl": {
      "version": "1.0.1",
      "resolved": "https://registry.npmjs.org/mdurl/-/mdurl-1.0.1.tgz",
      "integrity": "sha1-/oWy7HWlkDfyrf7BAP1sYBdhFS4="
    },
    "minimist": {
      "version": "1.2.8",
      "resolved": "https://registry.npmjs.org/minimist/-/minimist-1.2.8.tgz",
      "integrity": "sha512-2yyAR8qBkN3YuheJanUpWC5U3bb5osDywNB8RzDVlDwDHbocAJveqqj1u8+SVD7jkWT4yvsHCpWqqWqAxb0zCA==",
      "optional": true
    },
    "sprintf-js": {
      "version": "1.0.3",
      "resolved": "https://registry.npmjs.org/sprintf-js/-/sprintf-js-1.0.3.tgz",
      "integrity": "sha1-BOaSb2YolTVPPdAVIDYzuFcpfiw="
    },
    "uc.micro": {
      "version": "1.0.6",
      "resolved": "https://registry.npmjs.org/uc.micro/-/uc.micro-1.0.6.tgz",
      "integrity": "sha512-8Y75pvTYkLJW2hWQHXxoqRgV7qb9B+9vFEtidML+7koHUFapnVJAZ6cKs+Qjz5Aw3aZWHMC6u0wJE3At+nSGwA=="
    },
    "underscore": {
      "version": "1.9.1",
      "resolved": "https://registry.npmjs.org/underscore/-/underscore-1.9.1.tgz",
      "integrity": "sha512-5/4etnCkd9c8gwgowi5/om/mYO5ajCaOgdzj/oW+0eQV9WxKBDZw5+ycmKmeaTXjInS/W0BzpGLo2xR2aBwZdg=="
    }
  }
}
